
Microsoft Visual Studio Solution File, Format Version 12.00
# Visual Studio Version 16
VisualStudioVersion = 16.0.32413.511
MinimumVisualStudioVersion = 10.0.40219.1
Project("{FAE04EC0-301F-11D3-BF4B-00C04F79EFBC}") = "House Robber III", "House Robber III\House Robber III.csproj", "{78CF01B7-2E55-4A3F-934B-320A788CCCED}"
EndProject
Global
	GlobalSection(SolutionConfigurationPlatforms) = preSolution
		Debug|Any CPU = Debug|Any CPU
		Release|Any CPU = Release|Any CPU
	EndGlobalSection
	GlobalSection(ProjectConfigurationPlatforms) = postSolution
		{78CF01B7-2E55-4A3F-934B-320A788CCCED}.Debug|Any CPU.ActiveCfg = Debug|Any CPU
		{78CF01B7-2E55-4A3F-934B-320A788CCCED}.Debug|Any CPU.Build.0 = Debug|Any CPU
		{78CF01B7-2E55-4A3F-934B-320A788CCCED}.Release|Any CPU.ActiveCfg = Release|Any CPU
		{78CF01B7-2E55-4A3F-934B-320A788CCCED}.Release|Any CPU.Build.0 = Release|Any CPU
	EndGlobalSection
	GlobalSection(SolutionProperties) = preSolution
		HideSolutionNode = FALSE
	EndGlobalSection
	GlobalSection(ExtensibilityGlobals) = postSolution
		SolutionGuid = {EA4DC2F8-6AE4-4F90-A32A-FC0807F4388E}
	EndGlobalSection
EndGlobal
